
Microsoft Visual Studio Solution File, Format Version 12.00
# Visual Studio 15
VisualStudioVersion = 15.0.27703.2035
MinimumVisualStudioVersion = 10.0.40219.1
Project("{FAE04EC0-301F-11D3-BF4B-00C04F79EFBC}") = "Serenity_Maze", "Serenity_Maze\Serenity_Maze.csproj", "{8411E6A8-3A78-479D-9149-32378C776C87}"
EndProject
Global
	GlobalSection(SolutionConfigurationPlatforms) = preSolution
		Debug|Any CPU = Debug|Any CPU
		Release|Any CPU = Release|Any CPU
	EndGlobalSection
	GlobalSection(ProjectConfigurationPlatforms) = postSolution
		{8411E6A8-3A78-479D-9149-32378C776C87}.Debug|Any CPU.ActiveCfg = Debug|Any CPU
		{8411E6A8-3A78-479D-9149-32378C776C87}.Debug|Any CPU.Build.0 = Debug|Any CPU
		{8411E6A8-3A78-479D-9149-32378C776C87}.Release|Any CPU.ActiveCfg = Release|Any CPU
		{8411E6A8-3A78-479D-9149-32378C776C87}.Release|Any CPU.Build.0 = Release|Any CPU
	EndGlobalSection
	GlobalSection(SolutionProperties) = preSolution
		HideSolutionNode = FALSE
	EndGlobalSection
	GlobalSection(ExtensibilityGlobals) = postSolution
		SolutionGuid = {98C04D3E-0F31-4227-A240-A6AEF7C85E67}
	EndGlobalSection
EndGlobal
